<?xml version="1.0" encoding="utf-8"?>
<Project ToolsVersion="4.0" xmlns="http://schemas.microsoft.com/developer/msbuild/2003">
  <ItemGroup>
    <Filter Include="Source Files">
      <UniqueIdentifier>{4FC737F1-C7A5-4376-A066-2A32D752A2FF}</UniqueIdentifier>
      <Extensions>cpp;c;cc;cxx;def;odl;idl;hpj;bat;asm;asmx</Extensions>
    </Filter>
    <Filter Include="Header Files">
      <UniqueIdentifier>{93995380-89BD-4b04-88EB-625FBE52EBFB}</UniqueIdentifier>
      <Extensions>h;hh;hpp;hxx;hm;inl;inc;xsd</Extensions>
    </Filter>
    <Filter Include="Resource Files">
      <UniqueIdentifier>{67DA6AB6-F800-4c08-8B7A-83BB121AAD01}</UniqueIdentifier>
      <Extensions>rc;ico;cur;bmp;dlg;rc2;rct;bin;rgs;gif;jpg;jpeg;jpe;resx;tiff;tif;png;wav;mfcribbon-ms</Extensions>
    </Filter>
    <Filter Include="Header Files\Bloks">
      <UniqueIdentifier>{13fe8747-6d36-408f-94da-8d08cfc5828b}</UniqueIdentifier>
    </Filter>
    <Filter Include="Header Files\Tank">
      <UniqueIdentifier>{466dea9a-feda-4f29-8c88-aecdbd397bce}</UniqueIdentifier>
    </Filter>
    <Filter Include="Header Files\Other">
      <UniqueIdentifier>{6938af1d-9c19-470f-b549-de12872e0c20}</UniqueIdentifier>
    </Filter>
    <Filter Include="Header Files\Bullet">
      <UniqueIdentifier>{27211f1f-4298-4fa4-8284-175f169f423f}</UniqueIdentifier>
    </Filter>
  </ItemGroup>
  <ItemGroup>
    <ClCompile Include="Main.cpp">
      <Filter>Source Files</Filter>
    </ClCompile>
    <ClCompile Include="Bullet.cpp">
      <Filter>Source Files</Filter>
    </ClCompile>
    <ClCompile Include="Instruments.cpp">
      <Filter>Source Files</Filter>
    </ClCompile>
    <ClCompile Include="Tank.cpp">
      <Filter>Source Files</Filter>
    </ClCompile>
    <ClCompile Include="Map.cpp">
      <Filter>Source Files</Filter>
    </ClCompile>
  </ItemGroup>
  <ItemGroup>
    <ClInclude Include="Block.h">
      <Filter>Header Files\Bloks</Filter>
    </ClInclude>
    <ClInclude Include="Road.h">
      <Filter>Header Files\Bloks</Filter>
    </ClInclude>
    <ClInclude Include="brick.h">
      <Filter>Header Files\Bloks</Filter>
    </ClInclude>
    <ClInclude Include="Wall.h">
      <Filter>Header Files\Bloks</Filter>
    </ClInclude>
    <ClInclude Include="Water.h">
      <Filter>Header Files\Bloks</Filter>
    </ClInclude>
    <ClInclude Include="Map.h">
      <Filter>Header Files\Bloks</Filter>
    </ClInclude>
    <ClInclude Include="ClassTank.h">
      <Filter>Header Files\Tank</Filter>
    </ClInclude>
    <ClInclude Include="Bullet.h">
      <Filter>Header Files\Bullet</Filter>
    </ClInclude>
    <ClInclude Include="Array.h">
      <Filter>Header Files\Other</Filter>
    </ClInclude>
    <ClInclude Include="Header.h">
      <Filter>Header Files\Other</Filter>
    </ClInclude>
    <ClInclude Include="Collision.h">
      <Filter>Header Files\Other</Filter>
    </ClInclude>
    <ClInclude Include="Player.h">
      <Filter>Header Files\Tank</Filter>
    </ClInclude>
    <ClInclude Include="Game.h">
      <Filter>Header Files</Filter>
    </ClInclude>
    <ClInclude Include="EazyTank.h">
      <Filter>Header Files\Tank</Filter>
    </ClInclude>
    <ClInclude Include="LowBullet.h">
      <Filter>Header Files\Bullet</Filter>
    </ClInclude>
    <ClInclude Include="Print.h">
      <Filter>Header Files\Other</Filter>
    </ClInclude>
    <ClInclude Include="Bonus.h">
      <Filter>Header Files\Other</Filter>
    </ClInclude>
    <ClInclude Include="ShooterTank.h">
      <Filter>Header Files\Tank</Filter>
    </ClInclude>
    <ClInclude Include="MidleBullet.h">
      <Filter>Header Files\Bullet</Filter>
    </ClInclude>
    <ClInclude Include="DoubleShooterTank.h">
      <Filter>Header Files\Tank</Filter>
    </ClInclude>
    <ClInclude Include="SuperPowerTank.h">
      <Filter>Header Files\Tank</Filter>
    </ClInclude>
    <ClInclude Include="HighBullet.h">
      <Filter>Header Files\Bullet</Filter>
    </ClInclude>
    <ClInclude Include="SpeedTank.h">
      <Filter>Header Files\Tank</Filter>
    </ClInclude>
    <ClInclude Include="ArmorTank.h">
      <Filter>Header Files\Tank</Filter>
    </ClInclude>
    <ClInclude Include="Forest.h">
      <Filter>Header Files\Bloks</Filter>
    </ClInclude>
    <ClInclude Include="Maps.h">
      <Filter>Header Files\Bloks</Filter>
    </ClInclude>
    <ClInclude Include="BlockFacility.h">
      <Filter>Header Files\Bloks</Filter>
    </ClInclude>
    <ClInclude Include="HeaderClass.h">
      <Filter>Header Files\Other</Filter>
    </ClInclude>
  </ItemGroup>
  <ItemGroup>
    <Media Include="Start.mp3">
      <Filter>Resource Files</Filter>
    </Media>
  </ItemGroup>
</Project>